
Microsoft Visual Studio Solution File, Format Version 11.00
# Visual Studio 2010
Project("{FAE04EC0-301F-11D3-BF4B-00C04F79EFBC}") = "UI", "UI\UI\UI.csproj", "{B7E65152-D249-458C-BEAC-E50211216235}"
EndProject
Project("{96E2B04D-8817-42C6-938A-82C39BA4D311}") = "UIContent", "UI\UIContent\UIContent.contentproj", "{E69C3D5B-7AB5-480A-ADA9-90B1B28EDAD7}"
EndProject
Global
	GlobalSection(SolutionConfigurationPlatforms) = preSolution
		Debug|x86 = Debug|x86
		Release|x86 = Release|x86
	EndGlobalSection
	GlobalSection(ProjectConfigurationPlatforms) = postSolution
		{B7E65152-D249-458C-BEAC-E50211216235}.Debug|x86.ActiveCfg = Debug|x86
		{B7E65152-D249-458C-BEAC-E50211216235}.Debug|x86.Build.0 = Debug|x86
		{B7E65152-D249-458C-BEAC-E50211216235}.Release|x86.ActiveCfg = Release|x86
		{B7E65152-D249-458C-BEAC-E50211216235}.Release|x86.Build.0 = Release|x86
		{E69C3D5B-7AB5-480A-ADA9-90B1B28EDAD7}.Debug|x86.ActiveCfg = Debug|x86
		{E69C3D5B-7AB5-480A-ADA9-90B1B28EDAD7}.Release|x86.ActiveCfg = Release|x86
	EndGlobalSection
	GlobalSection(SolutionProperties) = preSolution
		HideSolutionNode = FALSE
	EndGlobalSection
EndGlobal
